
Microsoft Visual Studio Solution File, Format Version 12.00
# Visual Studio Version 17
VisualStudioVersion = 17.6.33829.357
MinimumVisualStudioVersion = 10.0.40219.1
Project("{9A19103F-16F7-4668-BE54-9A1E7A4F7556}") = "GBTorakis", "GBTorakis\GBTorakis.csproj", "{FF0B3DDB-F4F2-4577-8BD8-D32745EE4C0B}"
EndProject
Project("{FAE04EC0-301F-11D3-BF4B-00C04F79EFBC}") = "GBTorakis.Tests", "GBTorakis.Tests\GBTorakis.Tests.csproj", "{46390600-6A1A-47B2-B744-0764F4D3FBA0}"
EndProject
Global
	GlobalSection(SolutionConfigurationPlatforms) = preSolution
		Debug|Any CPU = Debug|Any CPU
		Release|Any CPU = Release|Any CPU
	EndGlobalSection
	GlobalSection(ProjectConfigurationPlatforms) = postSolution
		{FF0B3DDB-F4F2-4577-8BD8-D32745EE4C0B}.Debug|Any CPU.ActiveCfg = Debug|Any CPU
		{FF0B3DDB-F4F2-4577-8BD8-D32745EE4C0B}.Debug|Any CPU.Build.0 = Debug|Any CPU
		{FF0B3DDB-F4F2-4577-8BD8-D32745EE4C0B}.Release|Any CPU.ActiveCfg = Release|Any CPU
		{FF0B3DDB-F4F2-4577-8BD8-D32745EE4C0B}.Release|Any CPU.Build.0 = Release|Any CPU
		{46390600-6A1A-47B2-B744-0764F4D3FBA0}.Debug|Any CPU.ActiveCfg = Debug|Any CPU
		{46390600-6A1A-47B2-B744-0764F4D3FBA0}.Debug|Any CPU.Build.0 = Debug|Any CPU
		{46390600-6A1A-47B2-B744-0764F4D3FBA0}.Release|Any CPU.ActiveCfg = Release|Any CPU
		{46390600-6A1A-47B2-B744-0764F4D3FBA0}.Release|Any CPU.Build.0 = Release|Any CPU
	EndGlobalSection
	GlobalSection(SolutionProperties) = preSolution
		HideSolutionNode = FALSE
	EndGlobalSection
	GlobalSection(ExtensibilityGlobals) = postSolution
		SolutionGuid = {7B9B5EFA-7732-4A21-8C41-D2E220AE83E9}
	EndGlobalSection
EndGlobal
